
Microsoft Visual Studio Solution File, Format Version 12.00
# Visual Studio Version 16
VisualStudioVersion = 16.0.31729.503
MinimumVisualStudioVersion = 10.0.40219.1
Project("{FAE04EC0-301F-11D3-BF4B-00C04F79EFBC}") = "MVC-School", "MVC-School\MVC-School.csproj", "{84C8DACB-4612-409B-ACBA-212694510EF9}"
EndProject
Global
	GlobalSection(SolutionConfigurationPlatforms) = preSolution
		Debug|Any CPU = Debug|Any CPU
		Release|Any CPU = Release|Any CPU
	EndGlobalSection
	GlobalSection(ProjectConfigurationPlatforms) = postSolution
		{84C8DACB-4612-409B-ACBA-212694510EF9}.Debug|Any CPU.ActiveCfg = Debug|Any CPU
		{84C8DACB-4612-409B-ACBA-212694510EF9}.Debug|Any CPU.Build.0 = Debug|Any CPU
		{84C8DACB-4612-409B-ACBA-212694510EF9}.Release|Any CPU.ActiveCfg = Release|Any CPU
		{84C8DACB-4612-409B-ACBA-212694510EF9}.Release|Any CPU.Build.0 = Release|Any CPU
	EndGlobalSection
	GlobalSection(SolutionProperties) = preSolution
		HideSolutionNode = FALSE
	EndGlobalSection
	GlobalSection(ExtensibilityGlobals) = postSolution
		SolutionGuid = {72BCDD82-3777-4386-AD15-E0498CD2A14A}
	EndGlobalSection
EndGlobal
